// !$*UTF8*$!
{
	archiveVersion = 1;
	classes = {
	};
	objectVersion = 56;
	objects = {

/* Begin PBXBuildFile section */
		43324F1E2A16AE05009DAA3F /* OnBoardingView.swift in Sources */ = {isa = PBXBuildFile; fileRef = 43324F1D2A16AE05009DAA3F /* OnBoardingView.swift */; };
		43324F202A1A650C009DAA3F /* PersonalizedWayangQuizView.swift in Sources */ = {isa = PBXBuildFile; fileRef = 43324F1F2A1A650C009DAA3F /* PersonalizedWayangQuizView.swift */; };
		43768DC82A134C5C00E0C0C0 /* DalangApp.swift in Sources */ = {isa = PBXBuildFile; fileRef = 43768DC72A134C5C00E0C0C0 /* DalangApp.swift */; };
		43768DCA2A134C5C00E0C0C0 /* ContentView.swift in Sources */ = {isa = PBXBuildFile; fileRef = 43768DC92A134C5C00E0C0C0 /* ContentView.swift */; };
		43768DCC2A134C5D00E0C0C0 /* Assets.xcassets in Resources */ = {isa = PBXBuildFile; fileRef = 43768DCB2A134C5D00E0C0C0 /* Assets.xcassets */; };
		43768DCF2A134C5D00E0C0C0 /* Preview Assets.xcassets in Resources */ = {isa = PBXBuildFile; fileRef = 43768DCE2A134C5D00E0C0C0 /* Preview Assets.xcassets */; };
		43768DD92A134C5D00E0C0C0 /* DalangTests.swift in Sources */ = {isa = PBXBuildFile; fileRef = 43768DD82A134C5D00E0C0C0 /* DalangTests.swift */; };
		43768DE32A134C5D00E0C0C0 /* DalangUITests.swift in Sources */ = {isa = PBXBuildFile; fileRef = 43768DE22A134C5D00E0C0C0 /* DalangUITests.swift */; };
		43768DE52A134C5D00E0C0C0 /* DalangUITestsLaunchTests.swift in Sources */ = {isa = PBXBuildFile; fileRef = 43768DE42A134C5D00E0C0C0 /* DalangUITestsLaunchTests.swift */; };
		43830C2F2A1FA5B800FD1E5E /* AudioManager.swift in Sources */ = {isa = PBXBuildFile; fileRef = 43830C2E2A1FA5B800FD1E5E /* AudioManager.swift */; };
		43830C312A1FB42200FD1E5E /* mscInstrument.mp3 in Resources */ = {isa = PBXBuildFile; fileRef = 43830C302A1FB42200FD1E5E /* mscInstrument.mp3 */; };
		43830C332A1FBA4800FD1E5E /* EndGameScene.swift in Sources */ = {isa = PBXBuildFile; fileRef = 43830C322A1FBA4800FD1E5E /* EndGameScene.swift */; };
		438D2A392A1E59DE00FC3D17 /* GameScene.swift in Sources */ = {isa = PBXBuildFile; fileRef = 438D2A382A1E59DE00FC3D17 /* GameScene.swift */; };
		43BE1E942A134E9D003AFB25 /* SpeechRecognizer.swift in Sources */ = {isa = PBXBuildFile; fileRef = 43BE1E932A134E9D003AFB25 /* SpeechRecognizer.swift */; };
/* End PBXBuildFile section */

/* Begin PBXContainerItemProxy section */
		43768DD52A134C5D00E0C0C0 /* PBXContainerItemProxy */ = {
			isa = PBXContainerItemProxy;
			containerPortal = 43768DBC2A134C5C00E0C0C0 /* Project object */;
			proxyType = 1;
			remoteGlobalIDString = 43768DC32A134C5C00E0C0C0;
			remoteInfo = Dalang;
		};
		43768DDF2A134C5D00E0C0C0 /* PBXContainerItemProxy */ = {
			isa = PBXContainerItemProxy;
			containerPortal = 43768DBC2A134C5C00E0C0C0 /* Project object */;
			proxyType = 1;
			remoteGlobalIDString = 43768DC32A134C5C00E0C0C0;
			remoteInfo = Dalang;
		};
/* End PBXContainerItemProxy section */

/* Begin PBXFileReference section */
		43324F1D2A16AE05009DAA3F /* OnBoardingView.swift */ = {isa = PBXFileReference; lastKnownFileType = sourcecode.swift; path = OnBoardingView.swift; sourceTree = "<group>"; };
		43324F1F2A1A650C009DAA3F /* PersonalizedWayangQuizView.swift */ = {isa = PBXFileReference; lastKnownFileType = sourcecode.swift; path = PersonalizedWayangQuizView.swift; sourceTree = "<group>"; };
		43768DC42A134C5C00E0C0C0 /* Dalang.app */ = {isa = PBXFileReference; explicitFileType = wrapper.application; includeInIndex = 0; path = Dalang.app; sourceTree = BUILT_PRODUCTS_DIR; };
		43768DC72A134C5C00E0C0C0 /* DalangApp.swift */ = {isa = PBXFileReference; lastKnownFileType = sourcecode.swift; path = DalangApp.swift; sourceTree = "<group>"; };
		43768DC92A134C5C00E0C0C0 /* ContentView.swift */ = {isa = PBXFileReference; lastKnownFileType = sourcecode.swift; path = ContentView.swift; sourceTree = "<group>"; };
		43768DCB2A134C5D00E0C0C0 /* Assets.xcassets */ = {isa = PBXFileReference; lastKnownFileType = folder.assetcatalog; path = Assets.xcassets; sourceTree = "<group>"; };
		43768DCE2A134C5D00E0C0C0 /* Preview Assets.xcassets */ = {isa = PBXFileReference; lastKnownFileType = folder.assetcatalog; path = "Preview Assets.xcassets"; sourceTree = "<group>"; };
		43768DD42A134C5D00E0C0C0 /* DalangTests.xctest */ = {isa = PBXFileReference; explicitFileType = wrapper.cfbundle; includeInIndex = 0; path = DalangTests.xctest; sourceTree = BUILT_PRODUCTS_DIR; };
		43768DD82A134C5D00E0C0C0 /* DalangTests.swift */ = {isa = PBXFileReference; lastKnownFileType = sourcecode.swift; path = DalangTests.swift; sourceTree = "<group>"; };
		43768DDE2A134C5D00E0C0C0 /* DalangUITests.xctest */ = {isa = PBXFileReference; explicitFileType = wrapper.cfbundle; includeInIndex = 0; path = DalangUITests.xctest; sourceTree = BUILT_PRODUCTS_DIR; };
		43768DE22A134C5D00E0C0C0 /* DalangUITests.swift */ = {isa = PBXFileReference; lastKnownFileType = sourcecode.swift; path = DalangUITests.swift; sourceTree = "<group>"; };
		43768DE42A134C5D00E0C0C0 /* DalangUITestsLaunchTests.swift */ = {isa = PBXFileReference; lastKnownFileType = sourcecode.swift; path = DalangUITestsLaunchTests.swift; sourceTree = "<group>"; };
		43768DF12A134C8700E0C0C0 /* Info.plist */ = {isa = PBXFileReference; lastKnownFileType = text.plist; path = Info.plist; sourceTree = "<group>"; };
		43830C2E2A1FA5B800FD1E5E /* AudioManager.swift */ = {isa = PBXFileReference; lastKnownFileType = sourcecode.swift; path = AudioManager.swift; sourceTree = "<group>"; };
		43830C302A1FB42200FD1E5E /* mscInstrument.mp3 */ = {isa = PBXFileReference; lastKnownFileType = audio.mp3; path = mscInstrument.mp3; sourceTree = "<group>"; };
		43830C322A1FBA4800FD1E5E /* EndGameScene.swift */ = {isa = PBXFileReference; lastKnownFileType = sourcecode.swift; path = EndGameScene.swift; sourceTree = "<group>"; };
		438D2A382A1E59DE00FC3D17 /* GameScene.swift */ = {isa = PBXFileReference; lastKnownFileType = sourcecode.swift; path = GameScene.swift; sourceTree = "<group>"; };
		43BE1E932A134E9D003AFB25 /* SpeechRecognizer.swift */ = {isa = PBXFileReference; lastKnownFileType = sourcecode.swift; path = SpeechRecognizer.swift; sourceTree = "<group>"; };
/* End PBXFileReference section */

/* Begin PBXFrameworksBuildPhase section */
		43768DC12A134C5C00E0C0C0 /* Frameworks */ = {
			isa = PBXFrameworksBuildPhase;
			buildActionMask = 2147483647;
			files = (
			);
			runOnlyForDeploymentPostprocessing = 0;
		};
		43768DD12A134C5D00E0C0C0 /* Frameworks */ = {
			isa = PBXFrameworksBuildPhase;
			buildActionMask = 2147483647;
			files = (
			);
			runOnlyForDeploymentPostprocessing = 0;
		};
		43768DDB2A134C5D00E0C0C0 /* Frameworks */ = {
			isa = PBXFrameworksBuildPhase;
			buildActionMask = 2147483647;
			files = (
			);
			runOnlyForDeploymentPostprocessing = 0;
		};
/* End PBXFrameworksBuildPhase section */

/* Begin PBXGroup section */
		43768DBB2A134C5C00E0C0C0 = {
			isa = PBXGroup;
			children = (
				43768DC62A134C5C00E0C0C0 /* Dalang */,
				43768DD72A134C5D00E0C0C0 /* DalangTests */,
				43768DE12A134C5D00E0C0C0 /* DalangUITests */,
				43768DC52A134C5C00E0C0C0 /* Products */,
			);
			sourceTree = "<group>";
		};
		43768DC52A134C5C00E0C0C0 /* Products */ = {
			isa = PBXGroup;
			children = (
				43768DC42A134C5C00E0C0C0 /* Dalang.app */,
				43768DD42A134C5D00E0C0C0 /* DalangTests.xctest */,
				43768DDE2A134C5D00E0C0C0 /* DalangUITests.xctest */,
			);
			name = Products;
			sourceTree = "<group>";
		};
		43768DC62A134C5C00E0C0C0 /* Dalang */ = {
			isa = PBXGroup;
			children = (
				43768DF12A134C8700E0C0C0 /* Info.plist */,
				43BE1E932A134E9D003AFB25 /* SpeechRecognizer.swift */,
				43768DC72A134C5C00E0C0C0 /* DalangApp.swift */,
				43324F1F2A1A650C009DAA3F /* PersonalizedWayangQuizView.swift */,
				438D2A382A1E59DE00FC3D17 /* GameScene.swift */,
				43324F1D2A16AE05009DAA3F /* OnBoardingView.swift */,
				43830C322A1FBA4800FD1E5E /* EndGameScene.swift */,
				43830C2E2A1FA5B800FD1E5E /* AudioManager.swift */,
				43768DC92A134C5C00E0C0C0 /* ContentView.swift */,
				43830C302A1FB42200FD1E5E /* mscInstrument.mp3 */,
				43768DCB2A134C5D00E0C0C0 /* Assets.xcassets */,
				43768DCD2A134C5D00E0C0C0 /* Preview Content */,
			);
			path = Dalang;
			sourceTree = "<group>";
		};
		43768DCD2A134C5D00E0C0C0 /* Preview Content */ = {
			isa = PBXGroup;
			children = (
				43768DCE2A134C5D00E0C0C0 /* Preview Assets.xcassets */,
			);
			path = "Preview Content";
			sourceTree = "<group>";
		};
		43768DD72A134C5D00E0C0C0 /* DalangTests */ = {
			isa = PBXGroup;
			children = (
				43768DD82A134C5D00E0C0C0 /* DalangTests.swift */,
			);
			path = DalangTests;
			sourceTree = "<group>";
		};
		43768DE12A134C5D00E0C0C0 /* DalangUITests */ = {
			isa = PBXGroup;
			children = (
				43768DE22A134C5D00E0C0C0 /* DalangUITests.swift */,
				43768DE42A134C5D00E0C0C0 /* DalangUITestsLaunchTests.swift */,
			);
			path = DalangUITests;
			sourceTree = "<group>";
		};
/* End PBXGroup section */

/* Begin PBXNativeTarget section */
		43768DC32A134C5C00E0C0C0 /* Dalang */ = {
			isa = PBXNativeTarget;
			buildConfigurationList = 43768DE82A134C5D00E0C0C0 /* Build configuration list for PBXNativeTarget "Dalang" */;
			buildPhases = (
				43768DC02A134C5C00E0C0C0 /* Sources */,
				43768DC12A134C5C00E0C0C0 /* Frameworks */,
				43768DC22A134C5C00E0C0C0 /* Resources */,
			);
			buildRules = (
			);
			dependencies = (
			);
			name = Dalang;
			productName = Dalang;
			productReference = 43768DC42A134C5C00E0C0C0 /* Dalang.app */;
			productType = "com.apple.product-type.application";
		};
		43768DD32A134C5D00E0C0C0 /* DalangTests */ = {
			isa = PBXNativeTarget;
			buildConfigurationList = 43768DEB2A134C5D00E0C0C0 /* Build configuration list for PBXNativeTarget "DalangTests" */;
			buildPhases = (
				43768DD02A134C5D00E0C0C0 /* Sources */,
				43768DD12A134C5D00E0C0C0 /* Frameworks */,
				43768DD22A134C5D00E0C0C0 /* Resources */,
			);
			buildRules = (
			);
			dependencies = (
				43768DD62A134C5D00E0C0C0 /* PBXTargetDependency */,
			);
			name = DalangTests;
			productName = DalangTests;
			productReference = 43768DD42A134C5D00E0C0C0 /* DalangTests.xctest */;
			productType = "com.apple.product-type.bundle.unit-test";
		};
		43768DDD2A134C5D00E0C0C0 /* DalangUITests */ = {
			isa = PBXNativeTarget;
			buildConfigurationList = 43768DEE2A134C5D00E0C0C0 /* Build configuration list for PBXNativeTarget "DalangUITests" */;
			buildPhases = (
				43768DDA2A134C5D00E0C0C0 /* Sources */,
				43768DDB2A134C5D00E0C0C0 /* Frameworks */,
				43768DDC2A134C5D00E0C0C0 /* Resources */,
			);
			buildRules = (
			);
			dependencies = (
				43768DE02A134C5D00E0C0C0 /* PBXTargetDependency */,
			);
			name = DalangUITests;
			productName = DalangUITests;
			productReference = 43768DDE2A134C5D00E0C0C0 /* DalangUITests.xctest */;
			productType = "com.apple.product-type.bundle.ui-testing";
		};
/* End PBXNativeTarget section */

/* Begin PBXProject section */
		43768DBC2A134C5C00E0C0C0 /* Project object */ = {
			isa = PBXProject;
			attributes = {
				BuildIndependentTargetsInParallel = 1;
				LastSwiftUpdateCheck = 1430;
				LastUpgradeCheck = 1430;
				TargetAttributes = {
					43768DC32A134C5C00E0C0C0 = {
						CreatedOnToolsVersion = 14.3;
					};
					43768DD32A134C5D00E0C0C0 = {
						CreatedOnToolsVersion = 14.3;
						TestTargetID = 43768DC32A134C5C00E0C0C0;
					};
					43768DDD2A134C5D00E0C0C0 = {
						CreatedOnToolsVersion = 14.3;
						TestTargetID = 43768DC32A134C5C00E0C0C0;
					};
				};
			};
			buildConfigurationList = 43768DBF2A134C5C00E0C0C0 /* Build configuration list for PBXProject "Dalang" */;
			compatibilityVersion = "Xcode 14.0";
			developmentRegion = en;
			hasScannedForEncodings = 0;
			knownRegions = (
				en,
				Base,
			);
			mainGroup = 43768DBB2A134C5C00E0C0C0;
			productRefGroup = 43768DC52A134C5C00E0C0C0 /* Products */;
			projectDirPath = "";
			projectRoot = "";
			targets = (
				43768DC32A134C5C00E0C0C0 /* Dalang */,
				43768DD32A134C5D00E0C0C0 /* DalangTests */,
				43768DDD2A134C5D00E0C0C0 /* DalangUITests */,
			);
		};
/* End PBXProject section */

/* Begin PBXResourcesBuildPhase section */
		43768DC22A134C5C00E0C0C0 /* Resources */ = {
			isa = PBXResourcesBuildPhase;
			buildActionMask = 2147483647;
			files = (
				43768DCF2A134C5D00E0C0C0 /* Preview Assets.xcassets in Resources */,
				43830C312A1FB42200FD1E5E /* mscInstrument.mp3 in Resources */,
				43768DCC2A134C5D00E0C0C0 /* Assets.xcassets in Resources */,
			);
			runOnlyForDeploymentPostprocessing = 0;
		};
		43768DD22A134C5D00E0C0C0 /* Resources */ = {
			isa = PBXResourcesBuildPhase;
			buildActionMask = 2147483647;
			files = (
			);
			runOnlyForDeploymentPostprocessing = 0;
		};
		43768DDC2A134C5D00E0C0C0 /* Resources */ = {
			isa = PBXResourcesBuildPhase;
			buildActionMask = 2147483647;
			files = (
			);
			runOnlyForDeploymentPostprocessing = 0;
		};
/* End PBXResourcesBuildPhase section */

/* Begin PBXSourcesBuildPhase section */
		43768DC02A134C5C00E0C0C0 /* Sources */ = {
			isa = PBXSourcesBuildPhase;
			buildActionMask = 2147483647;
			files = (
				43768DCA2A134C5C00E0C0C0 /* ContentView.swift in Sources */,
				43830C2F2A1FA5B800FD1E5E /* AudioManager.swift in Sources */,
				438D2A392A1E59DE00FC3D17 /* GameScene.swift in Sources */,
				43324F1E2A16AE05009DAA3F /* OnBoardingView.swift in Sources */,
				43830C332A1FBA4800FD1E5E /* EndGameScene.swift in Sources */,
				43324F202A1A650C009DAA3F /* PersonalizedWayangQuizView.swift in Sources */,
				43768DC82A134C5C00E0C0C0 /* DalangApp.swift in Sources */,
				43BE1E942A134E9D003AFB25 /* SpeechRecognizer.swift in Sources */,
			);
			runOnlyForDeploymentPostprocessing = 0;
		};
		43768DD02A134C5D00E0C0C0 /* Sources */ = {
			isa = PBXSourcesBuildPhase;
			buildActionMask = 2147483647;
			files = (
				43768DD92A134C5D00E0C0C0 /* DalangTests.swift in Sources */,
			);
			runOnlyForDeploymentPostprocessing = 0;
		};
		43768DDA2A134C5D00E0C0C0 /* Sources */ = {
			isa = PBXSourcesBuildPhase;
			buildActionMask = 2147483647;
			files = (
				43768DE32A134C5D00E0C0C0 /* DalangUITests.swift in Sources */,
				43768DE52A134C5D00E0C0C0 /* DalangUITestsLaunchTests.swift in Sources */,
			);
			runOnlyForDeploymentPostprocessing = 0;
		};
/* End PBXSourcesBuildPhase section */

/* Begin PBXTargetDependency section */
		43768DD62A134C5D00E0C0C0 /* PBXTargetDependency */ = {
			isa = PBXTargetDependency;
			target = 43768DC32A134C5C00E0C0C0 /* Dalang */;
			targetProxy = 43768DD52A134C5D00E0C0C0 /* PBXContainerItemProxy */;
		};
		43768DE02A134C5D00E0C0C0 /* PBXTargetDependency */ = {
			isa = PBXTargetDependency;
			target = 43768DC32A134C5C00E0C0C0 /* Dalang */;
			targetProxy = 43768DDF2A134C5D00E0C0C0 /* PBXContainerItemProxy */;
		};
/* End PBXTargetDependency section */

/* Begin XCBuildConfiguration section */
		43768DE62A134C5D00E0C0C0 /* Debug */ = {
			isa = XCBuildConfiguration;
			buildSettings = {
				ALWAYS_SEARCH_USER_PATHS = NO;
				CLANG_ANALYZER_NONNULL = YES;
				CLANG_ANALYZER_NUMBER_OBJECT_CONVERSION = YES_AGGRESSIVE;
				CLANG_CXX_LANGUAGE_STANDARD = "gnu++20";
				CLANG_ENABLE_MODULES = YES;
				CLANG_ENABLE_OBJC_ARC = YES;
				CLANG_ENABLE_OBJC_WEAK = YES;
				CLANG_WARN_BLOCK_CAPTURE_AUTORELEASING = YES;
				CLANG_WARN_BOOL_CONVERSION = YES;
				CLANG_WARN_COMMA = YES;
				CLANG_WARN_CONSTANT_CONVERSION = YES;
				CLANG_WARN_DEPRECATED_OBJC_IMPLEMENTATIONS = YES;
				CLANG_WARN_DIRECT_OBJC_ISA_USAGE = YES_ERROR;
				CLANG_WARN_DOCUMENTATION_COMMENTS = YES;
				CLANG_WARN_EMPTY_BODY = YES;
				CLANG_WARN_ENUM_CONVERSION = YES;
				CLANG_WARN_INFINITE_RECURSION = YES;
				CLANG_WARN_INT_CONVERSION = YES;
				CLANG_WARN_NON_LITERAL_NULL_CONVERSION = YES;
				CLANG_WARN_OBJC_IMPLICIT_RETAIN_SELF = YES;
				CLANG_WARN_OBJC_LITERAL_CONVERSION = YES;
				CLANG_WARN_OBJC_ROOT_CLASS = YES_ERROR;
				CLANG_WARN_QUOTED_INCLUDE_IN_FRAMEWORK_HEADER = YES;
				CLANG_WARN_RANGE_LOOP_ANALYSIS = YES;
				CLANG_WARN_STRICT_PROTOTYPES = YES;
				CLANG_WARN_SUSPICIOUS_MOVE = YES;
				CLANG_WARN_UNGUARDED_AVAILABILITY = YES_AGGRESSIVE;
				CLANG_WARN_UNREACHABLE_CODE = YES;
				CLANG_WARN__DUPLICATE_METHOD_MATCH = YES;
				COPY_PHASE_STRIP = NO;
				DEBUG_INFORMATION_FORMAT = dwarf;
				ENABLE_STRICT_OBJC_MSGSEND = YES;
				ENABLE_TESTABILITY = YES;
				GCC_C_LANGUAGE_STANDARD = gnu11;
				GCC_DYNAMIC_NO_PIC = NO;
				GCC_NO_COMMON_BLOCKS = YES;
				GCC_OPTIMIZATION_LEVEL = 0;
				GCC_PREPROCESSOR_DEFINITIONS = (
					"DEBUG=1",
					"$(inherited)",
				);
				GCC_WARN_64_TO_32_BIT_CONVERSION = YES;
				GCC_WARN_ABOUT_RETURN_TYPE = YES_ERROR;
				GCC_WARN_UNDECLARED_SELECTOR = YES;
				GCC_WARN_UNINITIALIZED_AUTOS = YES_AGGRESSIVE;
				GCC_WARN_UNUSED_FUNCTION = YES;
				GCC_WARN_UNUSED_VARIABLE = YES;
				IPHONEOS_DEPLOYMENT_TARGET = 16.4;
				MTL_ENABLE_DEBUG_INFO = INCLUDE_SOURCE;
				MTL_FAST_MATH = YES;
				ONLY_ACTIVE_ARCH = YES;
				SDKROOT = iphoneos;
				SWIFT_ACTIVE_COMPILATION_CONDITIONS = DEBUG;
				SWIFT_OPTIMIZATION_LEVEL = "-Onone";
			};
			name = Debug;
		};
		43768DE72A134C5D00E0C0C0 /* Release */ = {
			isa = XCBuildConfiguration;
			buildSettings = {
				ALWAYS_SEARCH_USER_PATHS = NO;
				CLANG_ANALYZER_NONNULL = YES;
				CLANG_ANALYZER_NUMBER_OBJECT_CONVERSION = YES_AGGRESSIVE;
				CLANG_CXX_LANGUAGE_STANDARD = "gnu++20";
				CLANG_ENABLE_MODULES = YES;
				CLANG_ENABLE_OBJC_ARC = YES;
				CLANG_ENABLE_OBJC_WEAK = YES;
				CLANG_WARN_BLOCK_CAPTURE_AUTORELEASING = YES;
				CLANG_WARN_BOOL_CONVERSION = YES;
				CLANG_WARN_COMMA = YES;
				CLANG_WARN_CONSTANT_CONVERSION = YES;
				CLANG_WARN_DEPRECATED_OBJC_IMPLEMENTATIONS = YES;
				CLANG_WARN_DIRECT_OBJC_ISA_USAGE = YES_ERROR;
				CLANG_WARN_DOCUMENTATION_COMMENTS = YES;
				CLANG_WARN_EMPTY_BODY = YES;
				CLANG_WARN_ENUM_CONVERSION = YES;
				CLANG_WARN_INFINITE_RECURSION = YES;
				CLANG_WARN_INT_CONVERSION = YES;
				CLANG_WARN_NON_LITERAL_NULL_CONVERSION = YES;
				CLANG_WARN_OBJC_IMPLICIT_RETAIN_SELF = YES;
				CLANG_WARN_OBJC_LITERAL_CONVERSION = YES;
				CLANG_WARN_OBJC_ROOT_CLASS = YES_ERROR;
				CLANG_WARN_QUOTED_INCLUDE_IN_FRAMEWORK_HEADER = YES;
				CLANG_WARN_RANGE_LOOP_ANALYSIS = YES;
				CLANG_WARN_STRICT_PROTOTYPES = YES;
				CLANG_WARN_SUSPICIOUS_MOVE = YES;
				CLANG_WARN_UNGUARDED_AVAILABILITY = YES_AGGRESSIVE;
				CLANG_WARN_UNREACHABLE_CODE = YES;
				CLANG_WARN__DUPLICATE_METHOD_MATCH = YES;
				COPY_PHASE_STRIP = NO;
				DEBUG_INFORMATION_FORMAT = "dwarf-with-dsym";
				ENABLE_NS_ASSERTIONS = NO;
				ENABLE_STRICT_OBJC_MSGSEND = YES;
				GCC_C_LANGUAGE_STANDARD = gnu11;
				GCC_NO_COMMON_BLOCKS = YES;
				GCC_WARN_64_TO_32_BIT_CONVERSION = YES;
				GCC_WARN_ABOUT_RETURN_TYPE = YES_ERROR;
				GCC_WARN_UNDECLARED_SELECTOR = YES;
				GCC_WARN_UNINITIALIZED_AUTOS = YES_AGGRESSIVE;
				GCC_WARN_UNUSED_FUNCTION = YES;
				GCC_WARN_UNUSED_VARIABLE = YES;
				IPHONEOS_DEPLOYMENT_TARGET = 16.4;
				MTL_ENABLE_DEBUG_INFO = NO;
				MTL_FAST_MATH = YES;
				SDKROOT = iphoneos;
				SWIFT_COMPILATION_MODE = wholemodule;
				SWIFT_OPTIMIZATION_LEVEL = "-O";
				VALIDATE_PRODUCT = YES;
			};
			name = Release;
		};
		43768DE92A134C5D00E0C0C0 /* Debug */ = {
			isa = XCBuildConfiguration;
			buildSettings = {
				ASSETCATALOG_COMPILER_APPICON_NAME = AppIcon;
				ASSETCATALOG_COMPILER_GLOBAL_ACCENT_COLOR_NAME = AccentColor;
				CODE_SIGN_STYLE = Automatic;
				CURRENT_PROJECT_VERSION = 1;
				DEVELOPMENT_ASSET_PATHS = "\"Dalang/Preview Content\"";
				DEVELOPMENT_TEAM = 4CQ7M98XHC;
				ENABLE_PREVIEWS = YES;
				GENERATE_INFOPLIST_FILE = YES;
				INFOPLIST_FILE = Dalang/Info.plist;
				INFOPLIST_KEY_NSMicrophoneUsageDescription = "Audio is recorded to transcribe the story.";
				INFOPLIST_KEY_NSSpeechRecognitionUsageDescription = "You can view a transcription of your story.";
				INFOPLIST_KEY_UIApplicationSceneManifest_Generation = YES;
				INFOPLIST_KEY_UIApplicationSupportsIndirectInputEvents = YES;
				INFOPLIST_KEY_UILaunchScreen_Generation = YES;
				INFOPLIST_KEY_UISupportedInterfaceOrientations = "UIInterfaceOrientationLandscapeLeft UIInterfaceOrientationLandscapeRight";
				INFOPLIST_KEY_UISupportedInterfaceOrientations_iPad = "UIInterfaceOrientationLandscapeLeft UIInterfaceOrientationLandscapeRight UIInterfaceOrientationPortrait UIInterfaceOrientationPortraitUpsideDown";
				LD_RUNPATH_SEARCH_PATHS = (
					"$(inherited)",
					"@executable_path/Frameworks",
				);
				MARKETING_VERSION = 1.0;
				PRODUCT_BUNDLE_IDENTIFIER = asadi.Dalang;
				PRODUCT_NAME = "$(TARGET_NAME)";
				SWIFT_EMIT_LOC_STRINGS = YES;
				SWIFT_VERSION = 5.0;
				TARGETED_DEVICE_FAMILY = "1,2";
			};
			name = Debug;
		};
		43768DEA2A134C5D00E0C0C0 /* Release */ = {
			isa = XCBuildConfiguration;
			buildSettings = {
				ASSETCATALOG_COMPILER_APPICON_NAME = AppIcon;
				ASSETCATALOG_COMPILER_GLOBAL_ACCENT_COLOR_NAME = AccentColor;
				CODE_SIGN_STYLE = Automatic;
				CURRENT_PROJECT_VERSION = 1;
				DEVELOPMENT_ASSET_PATHS = "\"Dalang/Preview Content\"";
				DEVELOPMENT_TEAM = 4CQ7M98XHC;
				ENABLE_PREVIEWS = YES;
				GENERATE_INFOPLIST_FILE = YES;
				INFOPLIST_FILE = Dalang/Info.plist;
				INFOPLIST_KEY_NSMicrophoneUsageDescription = "Audio is recorded to transcribe the story.";
				INFOPLIST_KEY_NSSpeechRecognitionUsageDescription = "You can view a transcription of your story.";
				INFOPLIST_KEY_UIApplicationSceneManifest_Generation = YES;
				INFOPLIST_KEY_UIApplicationSupportsIndirectInputEvents = YES;
				INFOPLIST_KEY_UILaunchScreen_Generation = YES;
				INFOPLIST_KEY_UISupportedInterfaceOrientations = "UIInterfaceOrientationLandscapeLeft UIInterfaceOrientationLandscapeRight";
				INFOPLIST_KEY_UISupportedInterfaceOrientations_iPad = "UIInterfaceOrientationLandscapeLeft UIInterfaceOrientationLandscapeRight UIInterfaceOrientationPortrait UIInterfaceOrientationPortraitUpsideDown";
				LD_RUNPATH_SEARCH_PATHS = (
					"$(inherited)",
					"@executable_path/Frameworks",
				);
				MARKETING_VERSION = 1.0;
				PRODUCT_BUNDLE_IDENTIFIER = asadi.Dalang;
				PRODUCT_NAME = "$(TARGET_NAME)";
				SWIFT_EMIT_LOC_STRINGS = YES;
				SWIFT_VERSION = 5.0;
				TARGETED_DEVICE_FAMILY = "1,2";
			};
			name = Release;
		};
		43768DEC2A134C5D00E0C0C0 /* Debug */ = {
			isa = XCBuildConfiguration;
			buildSettings = {
				ALWAYS_EMBED_SWIFT_STANDARD_LIBRARIES = YES;
				BUNDLE_LOADER = "$(TEST_HOST)";
				CODE_SIGN_STYLE = Automatic;
				CURRENT_PROJECT_VERSION = 1;
				DEVELOPMENT_TEAM = 4CQ7M98XHC;
				GENERATE_INFOPLIST_FILE = YES;
				IPHONEOS_DEPLOYMENT_TARGET = 16.4;
				MARKETING_VERSION = 1.0;
				PRODUCT_BUNDLE_IDENTIFIER = asadi.DalangTests;
				PRODUCT_NAME = "$(TARGET_NAME)";
				SWIFT_EMIT_LOC_STRINGS = NO;
				SWIFT_VERSION = 5.0;
				TARGETED_DEVICE_FAMILY = "1,2";
				TEST_HOST = "$(BUILT_PRODUCTS_DIR)/Dalang.app/$(BUNDLE_EXECUTABLE_FOLDER_PATH)/Dalang";
			};
			name = Debug;
		};
		43768DED2A134C5D00E0C0C0 /* Release */ = {
			isa = XCBuildConfiguration;
			buildSettings = {
				ALWAYS_EMBED_SWIFT_STANDARD_LIBRARIES = YES;
				BUNDLE_LOADER = "$(TEST_HOST)";
				CODE_SIGN_STYLE = Automatic;
				CURRENT_PROJECT_VERSION = 1;
				DEVELOPMENT_TEAM = 4CQ7M98XHC;
				GENERATE_INFOPLIST_FILE = YES;
				IPHONEOS_DEPLOYMENT_TARGET = 16.4;
				MARKETING_VERSION = 1.0;
				PRODUCT_BUNDLE_IDENTIFIER = asadi.DalangTests;
				PRODUCT_NAME = "$(TARGET_NAME)";
				SWIFT_EMIT_LOC_STRINGS = NO;
				SWIFT_VERSION = 5.0;
				TARGETED_DEVICE_FAMILY = "1,2";
				TEST_HOST = "$(BUILT_PRODUCTS_DIR)/Dalang.app/$(BUNDLE_EXECUTABLE_FOLDER_PATH)/Dalang";
			};
			name = Release;
		};
		43768DEF2A134C5D00E0C0C0 /* Debug */ = {
			isa = XCBuildConfiguration;
			buildSettings = {
				ALWAYS_EMBED_SWIFT_STANDARD_LIBRARIES = YES;
				CODE_SIGN_STYLE = Automatic;
				CURRENT_PROJECT_VERSION = 1;
				DEVELOPMENT_TEAM = 4CQ7M98XHC;
				GENERATE_INFOPLIST_FILE = YES;
				MARKETING_VERSION = 1.0;
				PRODUCT_BUNDLE_IDENTIFIER = asadi.DalangUITests;
				PRODUCT_NAME = "$(TARGET_NAME)";
				SWIFT_EMIT_LOC_STRINGS = NO;
				SWIFT_VERSION = 5.0;
				TARGETED_DEVICE_FAMILY = "1,2";
				TEST_TARGET_NAME = Dalang;
			};
			name = Debug;
		};
		43768DF02A134C5D00E0C0C0 /* Release */ = {
			isa = XCBuildConfiguration;
			buildSettings = {
				ALWAYS_EMBED_SWIFT_STANDARD_LIBRARIES = YES;
				CODE_SIGN_STYLE = Automatic;
				CURRENT_PROJECT_VERSION = 1;
				DEVELOPMENT_TEAM = 4CQ7M98XHC;
				GENERATE_INFOPLIST_FILE = YES;
				MARKETING_VERSION = 1.0;
				PRODUCT_BUNDLE_IDENTIFIER = asadi.DalangUITests;
				PRODUCT_NAME = "$(TARGET_NAME)";
				SWIFT_EMIT_LOC_STRINGS = NO;
				SWIFT_VERSION = 5.0;
				TARGETED_DEVICE_FAMILY = "1,2";
				TEST_TARGET_NAME = Dalang;
			};
			name = Release;
		};
/* End XCBuildConfiguration section */

/* Begin XCConfigurationList section */
		43768DBF2A134C5C00E0C0C0 /* Build configuration list for PBXProject "Dalang" */ = {
			isa = XCConfigurationList;
			buildConfigurations = (
				43768DE62A134C5D00E0C0C0 /* Debug */,
				43768DE72A134C5D00E0C0C0 /* Release */,
			);
			defaultConfigurationIsVisible = 0;
			defaultConfigurationName = Release;
		};
		43768DE82A134C5D00E0C0C0 /* Build configuration list for PBXNativeTarget "Dalang" */ = {
			isa = XCConfigurationList;
			buildConfigurations = (
				43768DE92A134C5D00E0C0C0 /* Debug */,
				43768DEA2A134C5D00E0C0C0 /* Release */,
			);
			defaultConfigurationIsVisible = 0;
			defaultConfigurationName = Release;
		};
		43768DEB2A134C5D00E0C0C0 /* Build configuration list for PBXNativeTarget "DalangTests" */ = {
			isa = XCConfigurationList;
			buildConfigurations = (
				43768DEC2A134C5D00E0C0C0 /* Debug */,
				43768DED2A134C5D00E0C0C0 /* Release */,
			);
			defaultConfigurationIsVisible = 0;
			defaultConfigurationName = Release;
		};
		43768DEE2A134C5D00E0C0C0 /* Build configuration list for PBXNativeTarget "DalangUITests" */ = {
			isa = XCConfigurationList;
			buildConfigurations = (
				43768DEF2A134C5D00E0C0C0 /* Debug */,
				43768DF02A134C5D00E0C0C0 /* Release */,
			);
			defaultConfigurationIsVisible = 0;
			defaultConfigurationName = Release;
		};
/* End XCConfigurationList section */
	};
	rootObject = 43768DBC2A134C5C00E0C0C0 /* Project object */;
}
